
Microsoft Visual Studio Solution File, Format Version 12.00
# Visual Studio Version 17
VisualStudioVersion = 17.14.36915.13 d17.14
MinimumVisualStudioVersion = 10.0.40219.1
Project("{FAE04EC0-301F-11D3-BF4B-00C04F79EFBC}") = "ThanhToanApp", "ThanhToanApp.csproj", "{684A782F-E2F1-4161-908D-832503784024}"
EndProject
Global
	GlobalSection(SolutionConfigurationPlatforms) = preSolution
		Debug|Any CPU = Debug|Any CPU
		Release|Any CPU = Release|Any CPU
	EndGlobalSection
	GlobalSection(ProjectConfigurationPlatforms) = postSolution
		{684A782F-E2F1-4161-908D-832503784024}.Debug|Any CPU.ActiveCfg = Debug|Any CPU
		{684A782F-E2F1-4161-908D-832503784024}.Debug|Any CPU.Build.0 = Debug|Any CPU
		{684A782F-E2F1-4161-908D-832503784024}.Release|Any CPU.ActiveCfg = Release|Any CPU
		{684A782F-E2F1-4161-908D-832503784024}.Release|Any CPU.Build.0 = Release|Any CPU
	EndGlobalSection
	GlobalSection(SolutionProperties) = preSolution
		HideSolutionNode = FALSE
	EndGlobalSection
	GlobalSection(ExtensibilityGlobals) = postSolution
		SolutionGuid = {D895CD5D-D3A3-4BD9-BBFF-C21358116CC1}
	EndGlobalSection
EndGlobal
